
Microsoft Visual Studio Solution File, Format Version 12.00
# Visual Studio Version 17
VisualStudioVersion = 17.14.36109.1 d17.14
MinimumVisualStudioVersion = 10.0.40219.1
Project("{FAE04EC0-301F-11D3-BF4B-00C04F79EFBC}") = "CronCraft", "CronCraft\CronCraft.csproj", "{B0387EA9-0BBD-48E5-AE59-862A0C59643D}"
EndProject
Global
	GlobalSection(SolutionConfigurationPlatforms) = preSolution
		Debug|Any CPU = Debug|Any CPU
		Release|Any CPU = Release|Any CPU
	EndGlobalSection
	GlobalSection(ProjectConfigurationPlatforms) = postSolution
		{B0387EA9-0BBD-48E5-AE59-862A0C59643D}.Debug|Any CPU.ActiveCfg = Debug|Any CPU
		{B0387EA9-0BBD-48E5-AE59-862A0C59643D}.Debug|Any CPU.Build.0 = Debug|Any CPU
		{B0387EA9-0BBD-48E5-AE59-862A0C59643D}.Release|Any CPU.ActiveCfg = Release|Any CPU
		{B0387EA9-0BBD-48E5-AE59-862A0C59643D}.Release|Any CPU.Build.0 = Release|Any CPU
	EndGlobalSection
	GlobalSection(SolutionProperties) = preSolution
		HideSolutionNode = FALSE
	EndGlobalSection
	GlobalSection(ExtensibilityGlobals) = postSolution
		SolutionGuid = {1E1C472A-C28B-4043-B713-58179F729308}
	EndGlobalSection
EndGlobal
